
Microsoft Visual Studio Solution File, Format Version 12.00
# Visual Studio 15
VisualStudioVersion = 15.0.27428.2037
MinimumVisualStudioVersion = 10.0.40219.1
Project("{FAE04EC0-301F-11D3-BF4B-00C04F79EFBC}") = "Assignment 2", "Assignment 2\Assignment 2.csproj", "{777AECA1-BBED-4FBF-AD45-6CE2E0446A11}"
EndProject
Global
	GlobalSection(SolutionConfigurationPlatforms) = preSolution
		Debug|Any CPU = Debug|Any CPU
		Release|Any CPU = Release|Any CPU
	EndGlobalSection
	GlobalSection(ProjectConfigurationPlatforms) = postSolution
		{777AECA1-BBED-4FBF-AD45-6CE2E0446A11}.Debug|Any CPU.ActiveCfg = Debug|Any CPU
		{777AECA1-BBED-4FBF-AD45-6CE2E0446A11}.Debug|Any CPU.Build.0 = Debug|Any CPU
		{777AECA1-BBED-4FBF-AD45-6CE2E0446A11}.Release|Any CPU.ActiveCfg = Release|Any CPU
		{777AECA1-BBED-4FBF-AD45-6CE2E0446A11}.Release|Any CPU.Build.0 = Release|Any CPU
	EndGlobalSection
	GlobalSection(SolutionProperties) = preSolution
		HideSolutionNode = FALSE
	EndGlobalSection
	GlobalSection(ExtensibilityGlobals) = postSolution
		SolutionGuid = {ACE80ECB-4923-450B-9A7E-12ACC2740B1C}
	EndGlobalSection
EndGlobal
